
Microsoft Visual Studio Solution File, Format Version 12.00
# Visual Studio 15
VisualStudioVersion = 15.0.28307.902
MinimumVisualStudioVersion = 10.0.40219.1
Project("{8BC9CEB8-8B4A-11D0-8D11-00A0C91BC942}") = "BombermanAA2", "BombermanAA2\BombermanAA2.vcxproj", "{E623C286-96C1-4DFA-9793-281FE8B55E95}"
EndProject
Global
	GlobalSection(SolutionConfigurationPlatforms) = preSolution
		Debug|x64 = Debug|x64
		Debug|x86 = Debug|x86
		Release|x64 = Release|x64
		Release|x86 = Release|x86
	EndGlobalSection
	GlobalSection(ProjectConfigurationPlatforms) = postSolution
		{E623C286-96C1-4DFA-9793-281FE8B55E95}.Debug|x64.ActiveCfg = Debug|x64
		{E623C286-96C1-4DFA-9793-281FE8B55E95}.Debug|x64.Build.0 = Debug|x64
		{E623C286-96C1-4DFA-9793-281FE8B55E95}.Debug|x86.ActiveCfg = Debug|Win32
		{E623C286-96C1-4DFA-9793-281FE8B55E95}.Debug|x86.Build.0 = Debug|Win32
		{E623C286-96C1-4DFA-9793-281FE8B55E95}.Release|x64.ActiveCfg = Release|x64
		{E623C286-96C1-4DFA-9793-281FE8B55E95}.Release|x64.Build.0 = Release|x64
		{E623C286-96C1-4DFA-9793-281FE8B55E95}.Release|x86.ActiveCfg = Release|Win32
		{E623C286-96C1-4DFA-9793-281FE8B55E95}.Release|x86.Build.0 = Release|Win32
	EndGlobalSection
	GlobalSection(SolutionProperties) = preSolution
		HideSolutionNode = FALSE
	EndGlobalSection
	GlobalSection(ExtensibilityGlobals) = postSolution
		SolutionGuid = {8904B598-106F-4E86-A3CB-305AD0D93331}
	EndGlobalSection
EndGlobal
